
Microsoft Visual Studio Solution File, Format Version 12.00
# Visual Studio Version 16
VisualStudioVersion = 16.0.29102.190
MinimumVisualStudioVersion = 10.0.40219.1
Project("{FAE04EC0-301F-11D3-BF4B-00C04F79EFBC}") = "Insomnia", "Insomnia.csproj", "{381EE50F-C389-4C59-A8C7-16A2C3866DAA}"
EndProject
Global
	GlobalSection(SolutionConfigurationPlatforms) = preSolution
		Debug|Any CPU = Debug|Any CPU
		Release|Any CPU = Release|Any CPU
	EndGlobalSection
	GlobalSection(ProjectConfigurationPlatforms) = postSolution
		{381EE50F-C389-4C59-A8C7-16A2C3866DAA}.Debug|Any CPU.ActiveCfg = Debug|Any CPU
		{381EE50F-C389-4C59-A8C7-16A2C3866DAA}.Debug|Any CPU.Build.0 = Debug|Any CPU
		{381EE50F-C389-4C59-A8C7-16A2C3866DAA}.Release|Any CPU.ActiveCfg = Release|Any CPU
		{381EE50F-C389-4C59-A8C7-16A2C3866DAA}.Release|Any CPU.Build.0 = Release|Any CPU
	EndGlobalSection
	GlobalSection(SolutionProperties) = preSolution
		HideSolutionNode = FALSE
	EndGlobalSection
	GlobalSection(ExtensibilityGlobals) = postSolution
		SolutionGuid = {2BDCBD78-E0B0-4535-AF3B-48D9E56EC70D}
	EndGlobalSection
EndGlobal
